// !$*UTF8*$!
{
	archiveVersion = 1;
	classes = {
	};
	objectVersion = 46;
	objects = {

/* Begin PBXBuildFile section */
		39117A411E9BB67E0014DF6E /* CoreData.framework in Frameworks */ = {isa = PBXBuildFile; fileRef = 39117A401E9BB67E0014DF6E /* CoreData.framework */; };
		39117A431E9BB6840014DF6E /* UIKit.framework in Frameworks */ = {isa = PBXBuildFile; fileRef = 39117A421E9BB6840014DF6E /* UIKit.framework */; };
		39117A451E9BB68D0014DF6E /* CoreGraphics.framework in Frameworks */ = {isa = PBXBuildFile; fileRef = 39117A441E9BB68D0014DF6E /* CoreGraphics.framework */; };
		39117A471E9BB6960014DF6E /* ExternalAccessory.framework in Frameworks */ = {isa = PBXBuildFile; fileRef = 39117A461E9BB6960014DF6E /* ExternalAccessory.framework */; };
		39117A4B1E9BB6A20014DF6E /* CameraKitSDK.framework in Frameworks */ = {isa = PBXBuildFile; fileRef = 39117A491E9BB6A20014DF6E /* CameraKitSDK.framework */; };
		39117A4D1E9BB6AE0014DF6E /* DoubleControlSDK.framework in Frameworks */ = {isa = PBXBuildFile; fileRef = 39117A4C1E9BB6AE0014DF6E /* DoubleControlSDK.framework */; };
		39117A4F1E9BB6BA0014DF6E /* CoreVideo.framework in Frameworks */ = {isa = PBXBuildFile; fileRef = 39117A4E1E9BB6BA0014DF6E /* CoreVideo.framework */; };
		39117A511E9BB6C20014DF6E /* QuartzCore.framework in Frameworks */ = {isa = PBXBuildFile; fileRef = 39117A501E9BB6C20014DF6E /* QuartzCore.framework */; };
		39117A531E9BB6C90014DF6E /* AVFoundation.framework in Frameworks */ = {isa = PBXBuildFile; fileRef = 39117A521E9BB6C90014DF6E /* AVFoundation.framework */; };
		39117A551E9BB6D00014DF6E /* MessageUI.framework in Frameworks */ = {isa = PBXBuildFile; fileRef = 39117A541E9BB6D00014DF6E /* MessageUI.framework */; };
		39117A571E9BB6D90014DF6E /* Foundation.framework in Frameworks */ = {isa = PBXBuildFile; fileRef = 39117A561E9BB6D90014DF6E /* Foundation.framework */; };
		39117A591E9BB6E20014DF6E /* CoreImage.framework in Frameworks */ = {isa = PBXBuildFile; fileRef = 39117A581E9BB6E20014DF6E /* CoreImage.framework */; };
		39117A5B1E9BB6EB0014DF6E /* CoreMedia.framework in Frameworks */ = {isa = PBXBuildFile; fileRef = 39117A5A1E9BB6EB0014DF6E /* CoreMedia.framework */; };
		39117A5D1E9BB6F10014DF6E /* AudioToolbox.framework in Frameworks */ = {isa = PBXBuildFile; fileRef = 39117A5C1E9BB6F10014DF6E /* AudioToolbox.framework */; };
		39117ACB1E9BB7480014DF6E /* ApresRecognitionViewController.m in Sources */ = {isa = PBXBuildFile; fileRef = 39117A601E9BB7480014DF6E /* ApresRecognitionViewController.m */; };
		39117ACC1E9BB7480014DF6E /* AttentionViewController.m in Sources */ = {isa = PBXBuildFile; fileRef = 39117A621E9BB7480014DF6E /* AttentionViewController.m */; };
		39117ACD1E9BB7480014DF6E /* CameraViewController.m in Sources */ = {isa = PBXBuildFile; fileRef = 39117A641E9BB7480014DF6E /* CameraViewController.m */; };
		39117ACE1E9BB7480014DF6E /* ChoiceViewController.m in Sources */ = {isa = PBXBuildFile; fileRef = 39117A661E9BB7480014DF6E /* ChoiceViewController.m */; };
		39117ACF1E9BB7480014DF6E /* CorrectViewController.m in Sources */ = {isa = PBXBuildFile; fileRef = 39117A681E9BB7480014DF6E /* CorrectViewController.m */; };
		39117AD01E9BB7480014DF6E /* EndViewController.m in Sources */ = {isa = PBXBuildFile; fileRef = 39117A6A1E9BB7480014DF6E /* EndViewController.m */; };
		39117AD11E9BB7480014DF6E /* ErrorViewController.m in Sources */ = {isa = PBXBuildFile; fileRef = 39117A6C1E9BB7480014DF6E /* ErrorViewController.m */; };
		39117AD21E9BB7480014DF6E /* FacialRecognitionViewController.m in Sources */ = {isa = PBXBuildFile; fileRef = 39117A6E1E9BB7480014DF6E /* FacialRecognitionViewController.m */; };
		39117AD31E9BB7480014DF6E /* FeedbackViewController.m in Sources */ = {isa = PBXBuildFile; fileRef = 39117A701E9BB7480014DF6E /* FeedbackViewController.m */; };
		39117AD91E9BB7480014DF6E /* InfoPlist.strings in Resources */ = {isa = PBXBuildFile; fileRef = 39117A7A1E9BB7480014DF6E /* InfoPlist.strings */; };
		39117ADC1E9BB7480014DF6E /* DoubleRoboticsControl.m in Sources */ = {isa = PBXBuildFile; fileRef = 39117A831E9BB7480014DF6E /* DoubleRoboticsControl.m */; };
		39117ADD1E9BB7480014DF6E /* DRViewController.m in Sources */ = {isa = PBXBuildFile; fileRef = 39117A851E9BB7480014DF6E /* DRViewController.m */; };
		39117AF31E9BB7480014DF6E /* Background.jpg in Resources */ = {isa = PBXBuildFile; fileRef = 39117AB51E9BB7480014DF6E /* Background.jpg */; };
		39117AF51E9BB7480014DF6E /* PersonalViewExample.paint in Resources */ = {isa = PBXBuildFile; fileRef = 39117AB71E9BB7480014DF6E /* PersonalViewExample.paint */; };
		39117AF61E9BB7480014DF6E /* PersonalViewExample.png in Resources */ = {isa = PBXBuildFile; fileRef = 39117AB81E9BB7480014DF6E /* PersonalViewExample.png */; };
		39117AF71E9BB7480014DF6E /* PleaseWait.png in Resources */ = {isa = PBXBuildFile; fileRef = 39117AB91E9BB7480014DF6E /* PleaseWait.png */; };
		39117AF81E9BB7480014DF6E /* UIImage-Extensions.m in Sources */ = {isa = PBXBuildFile; fileRef = 39117ABB1E9BB7480014DF6E /* UIImage-Extensions.m */; };
		39117AFA1E9BB7480014DF6E /* ComparableColor.m in Sources */ = {isa = PBXBuildFile; fileRef = 39117ABF1E9BB7480014DF6E /* ComparableColor.m */; };
		39117AFB1E9BB7480014DF6E /* CVImageBufferWrapper.m in Sources */ = {isa = PBXBuildFile; fileRef = 39117AC11E9BB7480014DF6E /* CVImageBufferWrapper.m */; };
		39117AFD1E9BB7480014DF6E /* MotionDetectingVideoOutputAnalizer.m in Sources */ = {isa = PBXBuildFile; fileRef = 39117AC51E9BB7480014DF6E /* MotionDetectingVideoOutputAnalizer.m */; };
		39117AFE1E9BB7480014DF6E /* VideoMotionDetector.m in Sources */ = {isa = PBXBuildFile; fileRef = 39117AC71E9BB7480014DF6E /* VideoMotionDetector.m */; };
		39117B121E9BB8340014DF6E /* ImproveFRViewController.m in Sources */ = {isa = PBXBuildFile; fileRef = 39117B071E9BB8340014DF6E /* ImproveFRViewController.m */; };
		39117B131E9BB8340014DF6E /* IDViewController.m in Sources */ = {isa = PBXBuildFile; fileRef = 39117B091E9BB8340014DF6E /* IDViewController.m */; };
		39117B141E9BB8340014DF6E /* NoFR_NameInputViewController.m in Sources */ = {isa = PBXBuildFile; fileRef = 39117B0C1E9BB8340014DF6E /* NoFR_NameInputViewController.m */; };
		39117B151E9BB8340014DF6E /* PersonalViewController.m in Sources */ = {isa = PBXBuildFile; fileRef = 39117B0E1E9BB8340014DF6E /* PersonalViewController.m */; };
		39117B161E9BB8340014DF6E /* NameInputViewController.m in Sources */ = {isa = PBXBuildFile; fileRef = 39117B0F1E9BB8340014DF6E /* NameInputViewController.m */; };
		39117B171E9BB8340014DF6E /* ViewController.m in Sources */ = {isa = PBXBuildFile; fileRef = 39117B101E9BB8340014DF6E /* ViewController.m */; };
		39117B181E9BB8340014DF6E /* WebViewFeedbackViewController.m in Sources */ = {isa = PBXBuildFile; fileRef = 39117B111E9BB8340014DF6E /* WebViewFeedbackViewController.m */; };
		39117B1B1E9BB8760014DF6E /* TextToSpeech.m in Sources */ = {isa = PBXBuildFile; fileRef = 39117B1A1E9BB8760014DF6E /* TextToSpeech.m */; };
		39117B1F1E9BBDAA0014DF6E /* libAppPatch.tbd in Frameworks */ = {isa = PBXBuildFile; fileRef = 39117B1E1E9BBDAA0014DF6E /* libAppPatch.tbd */; };
		39117B471E9BBFB60014DF6E /* KairosSDK.m in Sources */ = {isa = PBXBuildFile; fileRef = 39117B231E9BBFB60014DF6E /* KairosSDK.m */; };
		39117B481E9BBFB60014DF6E /* KairosSDKCommon.m in Sources */ = {isa = PBXBuildFile; fileRef = 39117B251E9BBFB60014DF6E /* KairosSDKCommon.m */; };
		39117B491E9BBFB60014DF6E /* KairosSDKConfigManager.m in Sources */ = {isa = PBXBuildFile; fileRef = 39117B271E9BBFB60014DF6E /* KairosSDKConfigManager.m */; };
		39117B4A1E9BBFB60014DF6E /* KairosSDKCore.m in Sources */ = {isa = PBXBuildFile; fileRef = 39117B2A1E9BBFB60014DF6E /* KairosSDKCore.m */; };
		39117B4B1E9BBFB60014DF6E /* KairosSDKFaceFrame.m in Sources */ = {isa = PBXBuildFile; fileRef = 39117B2C1E9BBFB60014DF6E /* KairosSDKFaceFrame.m */; };
		39117B4C1E9BBFB60014DF6E /* KairosSDKFrameMovement.m in Sources */ = {isa = PBXBuildFile; fileRef = 39117B2E1E9BBFB60014DF6E /* KairosSDKFrameMovement.m */; };
		39117B4D1E9BBFB60014DF6E /* KairosSDKViewController.m in Sources */ = {isa = PBXBuildFile; fileRef = 39117B301E9BBFB60014DF6E /* KairosSDKViewController.m */; };
		39117B4E1E9BBFB60014DF6E /* KAR_NSData+Base64.m in Sources */ = {isa = PBXBuildFile; fileRef = 39117B321E9BBFB60014DF6E /* KAR_NSData+Base64.m */; };
		39117B4F1E9BBFB60014DF6E /* KR_AFHTTPClient.m in Sources */ = {isa = PBXBuildFile; fileRef = 39117B351E9BBFB60014DF6E /* KR_AFHTTPClient.m */; };
		39117B501E9BBFB60014DF6E /* KR_AFHTTPRequestOperation.m in Sources */ = {isa = PBXBuildFile; fileRef = 39117B371E9BBFB60014DF6E /* KR_AFHTTPRequestOperation.m */; };
		39117B511E9BBFB60014DF6E /* KR_AFImageRequestOperation.m in Sources */ = {isa = PBXBuildFile; fileRef = 39117B391E9BBFB60014DF6E /* KR_AFImageRequestOperation.m */; };
		39117B521E9BBFB60014DF6E /* KR_AFJSONRequestOperation.m in Sources */ = {isa = PBXBuildFile; fileRef = 39117B3B1E9BBFB60014DF6E /* KR_AFJSONRequestOperation.m */; };
		39117B531E9BBFB60014DF6E /* KR_AFNetworkActivityIndicatorManager.m in Sources */ = {isa = PBXBuildFile; fileRef = 39117B3D1E9BBFB60014DF6E /* KR_AFNetworkActivityIndicatorManager.m */; };
		39117B541E9BBFB60014DF6E /* KR_AFPropertyListRequestOperation.m in Sources */ = {isa = PBXBuildFile; fileRef = 39117B401E9BBFB60014DF6E /* KR_AFPropertyListRequestOperation.m */; };
		39117B551E9BBFB60014DF6E /* KR_AFURLConnectionOperation.m in Sources */ = {isa = PBXBuildFile; fileRef = 39117B421E9BBFB60014DF6E /* KR_AFURLConnectionOperation.m */; };
		39117B561E9BBFB60014DF6E /* KR_AFXMLRequestOperation.m in Sources */ = {isa = PBXBuildFile; fileRef = 39117B441E9BBFB60014DF6E /* KR_AFXMLRequestOperation.m */; };
		39117B571E9BBFB60014DF6E /* UIImageView+KR_AFNetworking.m in Sources */ = {isa = PBXBuildFile; fileRef = 39117B461E9BBFB60014DF6E /* UIImageView+KR_AFNetworking.m */; };
		395789F31E9BB5240067147C /* main.m in Sources */ = {isa = PBXBuildFile; fileRef = 395789F21E9BB5240067147C /* main.m */; };
		395789F61E9BB5240067147C /* AppDelegate.m in Sources */ = {isa = PBXBuildFile; fileRef = 395789F51E9BB5240067147C /* AppDelegate.m */; };
		395789FC1E9BB5240067147C /* Main.storyboard in Resources */ = {isa = PBXBuildFile; fileRef = 395789FA1E9BB5240067147C /* Main.storyboard */; };
		395789FF1E9BB5240067147C /* FacialRecognition.xcdatamodeld in Sources */ = {isa = PBXBuildFile; fileRef = 395789FD1E9BB5240067147C /* FacialRecognition.xcdatamodeld */; };
		39578A011E9BB5240067147C /* Assets.xcassets in Resources */ = {isa = PBXBuildFile; fileRef = 39578A001E9BB5240067147C /* Assets.xcassets */; };
		396B23B01EA4C3E7004B410C /* BlueThemeWallpaper.png in Resources */ = {isa = PBXBuildFile; fileRef = 396B23AF1EA4C3E7004B410C /* BlueThemeWallpaper.png */; };
		397370601EAA3512002A3228 /* Bad.png in Resources */ = {isa = PBXBuildFile; fileRef = 3973705E1EAA3512002A3228 /* Bad.png */; };
		397370611EAA3512002A3228 /* Good.png in Resources */ = {isa = PBXBuildFile; fileRef = 3973705F1EAA3512002A3228 /* Good.png */; };
		39ED4E251EA4F70500D827E9 /* Schedule voorbeeld.png in Resources */ = {isa = PBXBuildFile; fileRef = 39ED4E241EA4F70500D827E9 /* Schedule voorbeeld.png */; };
		39F22D701EA4CCA300AA158A /* WhiteThemeWallpaper.jpg in Resources */ = {isa = PBXBuildFile; fileRef = 39F22D6F1EA4CCA300AA158A /* WhiteThemeWallpaper.jpg */; };
		39F22D721EA4CD5900AA158A /* DeerWallpaper.jpeg in Resources */ = {isa = PBXBuildFile; fileRef = 39F22D711EA4CD5900AA158A /* DeerWallpaper.jpeg */; };
		39F22D741EA4CFF100AA158A /* GradientWallpaper.png in Resources */ = {isa = PBXBuildFile; fileRef = 39F22D731EA4CFF100AA158A /* GradientWallpaper.png */; };
		39F22D761EA4D1FA00AA158A /* GradientWallpaper_1.png in Resources */ = {isa = PBXBuildFile; fileRef = 39F22D751EA4D1FA00AA158A /* GradientWallpaper_1.png */; };
		39F22D781EA4EC2600AA158A /* GradientWallpaper_DarkerAbove.png in Resources */ = {isa = PBXBuildFile; fileRef = 39F22D771EA4EC2600AA158A /* GradientWallpaper_DarkerAbove.png */; };
		9B6E50AC491FFB982219BF0D /* libPods-FacialRecognition.a in Frameworks */ = {isa = PBXBuildFile; fileRef = 5A5D609C7C3F199CF699329C /* libPods-FacialRecognition.a */; };
		A8648A691E9FE3FA0043046C /* DataStorage.m in Sources */ = {isa = PBXBuildFile; fileRef = A8648A681E9FE3FA0043046C /* DataStorage.m */; };
/* End PBXBuildFile section */

/* Begin PBXFileReference section */
		39117A401E9BB67E0014DF6E /* CoreData.framework */ = {isa = PBXFileReference; lastKnownFileType = wrapper.framework; name = CoreData.framework; path = System/Library/Frameworks/CoreData.framework; sourceTree = SDKROOT; };
		39117A421E9BB6840014DF6E /* UIKit.framework */ = {isa = PBXFileReference; lastKnownFileType = wrapper.framework; name = UIKit.framework; path = System/Library/Frameworks/UIKit.framework; sourceTree = SDKROOT; };
		39117A441E9BB68D0014DF6E /* CoreGraphics.framework */ = {isa = PBXFileReference; lastKnownFileType = wrapper.framework; name = CoreGraphics.framework; path = System/Library/Frameworks/CoreGraphics.framework; sourceTree = SDKROOT; };
		39117A461E9BB6960014DF6E /* ExternalAccessory.framework */ = {isa = PBXFileReference; lastKnownFileType = wrapper.framework; name = ExternalAccessory.framework; path = System/Library/Frameworks/ExternalAccessory.framework; sourceTree = SDKROOT; };
		39117A491E9BB6A20014DF6E /* CameraKitSDK.framework */ = {isa = PBXFileReference; lastKnownFileType = wrapper.framework; path = CameraKitSDK.framework; sourceTree = "<group>"; };
		39117A4C1E9BB6AE0014DF6E /* DoubleControlSDK.framework */ = {isa = PBXFileReference; lastKnownFileType = wrapper.framework; path = DoubleControlSDK.framework; sourceTree = "<group>"; };
		39117A4E1E9BB6BA0014DF6E /* CoreVideo.framework */ = {isa = PBXFileReference; lastKnownFileType = wrapper.framework; name = CoreVideo.framework; path = System/Library/Frameworks/CoreVideo.framework; sourceTree = SDKROOT; };
		39117A501E9BB6C20014DF6E /* QuartzCore.framework */ = {isa = PBXFileReference; lastKnownFileType = wrapper.framework; name = QuartzCore.framework; path = System/Library/Frameworks/QuartzCore.framework; sourceTree = SDKROOT; };
		39117A521E9BB6C90014DF6E /* AVFoundation.framework */ = {isa = PBXFileReference; lastKnownFileType = wrapper.framework; name = AVFoundation.framework; path = System/Library/Frameworks/AVFoundation.framework; sourceTree = SDKROOT; };
		39117A541E9BB6D00014DF6E /* MessageUI.framework */ = {isa = PBXFileReference; lastKnownFileType = wrapper.framework; name = MessageUI.framework; path = System/Library/Frameworks/MessageUI.framework; sourceTree = SDKROOT; };
		39117A561E9BB6D90014DF6E /* Foundation.framework */ = {isa = PBXFileReference; lastKnownFileType = wrapper.framework; name = Foundation.framework; path = System/Library/Frameworks/Foundation.framework; sourceTree = SDKROOT; };
		39117A581E9BB6E20014DF6E /* CoreImage.framework */ = {isa = PBXFileReference; lastKnownFileType = wrapper.framework; name = CoreImage.framework; path = System/Library/Frameworks/CoreImage.framework; sourceTree = SDKROOT; };
		39117A5A1E9BB6EB0014DF6E /* CoreMedia.framework */ = {isa = PBXFileReference; lastKnownFileType = wrapper.framework; name = CoreMedia.framework; path = System/Library/Frameworks/CoreMedia.framework; sourceTree = SDKROOT; };
		39117A5C1E9BB6F10014DF6E /* AudioToolbox.framework */ = {isa = PBXFileReference; lastKnownFileType = wrapper.framework; name = AudioToolbox.framework; path = System/Library/Frameworks/AudioToolbox.framework; sourceTree = SDKROOT; };
		39117A5F1E9BB7480014DF6E /* ApresRecognitionViewController.h */ = {isa = PBXFileReference; fileEncoding = 4; lastKnownFileType = sourcecode.c.h; path = ApresRecognitionViewController.h; sourceTree = "<group>"; };
		39117A601E9BB7480014DF6E /* ApresRecognitionViewController.m */ = {isa = PBXFileReference; fileEncoding = 4; lastKnownFileType = sourcecode.c.objc; path = ApresRecognitionViewController.m; sourceTree = "<group>"; };
		39117A611E9BB7480014DF6E /* AttentionViewController.h */ = {isa = PBXFileReference; fileEncoding = 4; lastKnownFileType = sourcecode.c.h; path = AttentionViewController.h; sourceTree = "<group>"; };
		39117A621E9BB7480014DF6E /* AttentionViewController.m */ = {isa = PBXFileReference; fileEncoding = 4; lastKnownFileType = sourcecode.c.objc; path = AttentionViewController.m; sourceTree = "<group>"; };
		39117A631E9BB7480014DF6E /* CameraViewController.h */ = {isa = PBXFileReference; fileEncoding = 4; lastKnownFileType = sourcecode.c.h; path = CameraViewController.h; sourceTree = "<group>"; };
		39117A641E9BB7480014DF6E /* CameraViewController.m */ = {isa = PBXFileReference; fileEncoding = 4; lastKnownFileType = sourcecode.c.objc; path = CameraViewController.m; sourceTree = "<group>"; };
		39117A651E9BB7480014DF6E /* ChoiceViewController.h */ = {isa = PBXFileReference; fileEncoding = 4; lastKnownFileType = sourcecode.c.h; path = ChoiceViewController.h; sourceTree = "<group>"; };
		39117A661E9BB7480014DF6E /* ChoiceViewController.m */ = {isa = PBXFileReference; fileEncoding = 4; lastKnownFileType = sourcecode.c.objc; path = ChoiceViewController.m; sourceTree = "<group>"; };
		39117A671E9BB7480014DF6E /* CorrectViewController.h */ = {isa = PBXFileReference; fileEncoding = 4; lastKnownFileType = sourcecode.c.h; path = CorrectViewController.h; sourceTree = "<group>"; };
		39117A681E9BB7480014DF6E /* CorrectViewController.m */ = {isa = PBXFileReference; fileEncoding = 4; lastKnownFileType = sourcecode.c.objc; path = CorrectViewController.m; sourceTree = "<group>"; };
		39117A691E9BB7480014DF6E /* EndViewController.h */ = {isa = PBXFileReference; fileEncoding = 4; lastKnownFileType = sourcecode.c.h; path = EndViewController.h; sourceTree = "<group>"; };
		39117A6A1E9BB7480014DF6E /* EndViewController.m */ = {isa = PBXFileReference; fileEncoding = 4; lastKnownFileType = sourcecode.c.objc; path = EndViewController.m; sourceTree = "<group>"; };
		39117A6B1E9BB7480014DF6E /* ErrorViewController.h */ = {isa = PBXFileReference; fileEncoding = 4; lastKnownFileType = sourcecode.c.h; path = ErrorViewController.h; sourceTree = "<group>"; };
		39117A6C1E9BB7480014DF6E /* ErrorViewController.m */ = {isa = PBXFileReference; fileEncoding = 4; lastKnownFileType = sourcecode.c.objc; path = ErrorViewController.m; sourceTree = "<group>"; };
		39117A6D1E9BB7480014DF6E /* FacialRecognitionViewController.h */ = {isa = PBXFileReference; fileEncoding = 4; lastKnownFileType = sourcecode.c.h; path = FacialRecognitionViewController.h; sourceTree = "<group>"; };
		39117A6E1E9BB7480014DF6E /* FacialRecognitionViewController.m */ = {isa = PBXFileReference; fileEncoding = 4; lastKnownFileType = sourcecode.c.objc; path = FacialRecognitionViewController.m; sourceTree = "<group>"; };
		39117A6F1E9BB7480014DF6E /* FeedbackViewController.h */ = {isa = PBXFileReference; fileEncoding = 4; lastKnownFileType = sourcecode.c.h; path = FeedbackViewController.h; sourceTree = "<group>"; };
		39117A701E9BB7480014DF6E /* FeedbackViewController.m */ = {isa = PBXFileReference; fileEncoding = 4; lastKnownFileType = sourcecode.c.objc; path = FeedbackViewController.m; sourceTree = "<group>"; };
		39117A761E9BB7480014DF6E /* Assets.xcassets */ = {isa = PBXFileReference; lastKnownFileType = folder.assetcatalog; path = Assets.xcassets; sourceTree = "<group>"; };
		39117A7B1E9BB7480014DF6E /* Base */ = {isa = PBXFileReference; lastKnownFileType = text.plist.strings; name = Base; path = InfoPlist.strings; sourceTree = "<group>"; };
		39117A811E9BB7480014DF6E /* DoubleBasicHelloWorld-Prefix.pch */ = {isa = PBXFileReference; fileEncoding = 4; lastKnownFileType = sourcecode.c.h; path = "DoubleBasicHelloWorld-Prefix.pch"; sourceTree = "<group>"; };
		39117A821E9BB7480014DF6E /* DoubleRoboticsControl.h */ = {isa = PBXFileReference; fileEncoding = 4; lastKnownFileType = sourcecode.c.h; path = DoubleRoboticsControl.h; sourceTree = "<group>"; };
		39117A831E9BB7480014DF6E /* DoubleRoboticsControl.m */ = {isa = PBXFileReference; fileEncoding = 4; lastKnownFileType = sourcecode.c.objc; path = DoubleRoboticsControl.m; sourceTree = "<group>"; };
		39117A841E9BB7480014DF6E /* DRViewController.h */ = {isa = PBXFileReference; fileEncoding = 4; lastKnownFileType = sourcecode.c.h; path = DRViewController.h; sourceTree = "<group>"; };
		39117A851E9BB7480014DF6E /* DRViewController.m */ = {isa = PBXFileReference; fileEncoding = 4; lastKnownFileType = sourcecode.c.objc; path = DRViewController.m; sourceTree = "<group>"; };
		39117AB21E9BB7480014DF6E /* constants.h */ = {isa = PBXFileReference; fileEncoding = 4; lastKnownFileType = sourcecode.c.h; path = constants.h; sourceTree = "<group>"; };
		39117AB51E9BB7480014DF6E /* Background.jpg */ = {isa = PBXFileReference; lastKnownFileType = image.jpeg; path = Background.jpg; sourceTree = "<group>"; };
		39117AB71E9BB7480014DF6E /* PersonalViewExample.paint */ = {isa = PBXFileReference; lastKnownFileType = file.bplist; path = PersonalViewExample.paint; sourceTree = "<group>"; };
		39117AB81E9BB7480014DF6E /* PersonalViewExample.png */ = {isa = PBXFileReference; lastKnownFileType = image.png; path = PersonalViewExample.png; sourceTree = "<group>"; };
		39117AB91E9BB7480014DF6E /* PleaseWait.png */ = {isa = PBXFileReference; lastKnownFileType = image.png; path = PleaseWait.png; sourceTree = "<group>"; };
		39117ABA1E9BB7480014DF6E /* UIImage-Extensions.h */ = {isa = PBXFileReference; fileEncoding = 4; lastKnownFileType = sourcecode.c.h; path = "UIImage-Extensions.h"; sourceTree = "<group>"; };
		39117ABB1E9BB7480014DF6E /* UIImage-Extensions.m */ = {isa = PBXFileReference; fileEncoding = 4; lastKnownFileType = sourcecode.c.objc; path = "UIImage-Extensions.m"; sourceTree = "<group>"; };
		39117ABE1E9BB7480014DF6E /* ComparableColor.h */ = {isa = PBXFileReference; fileEncoding = 4; lastKnownFileType = sourcecode.c.h; path = ComparableColor.h; sourceTree = "<group>"; };
		39117ABF1E9BB7480014DF6E /* ComparableColor.m */ = {isa = PBXFileReference; fileEncoding = 4; lastKnownFileType = sourcecode.c.objc; path = ComparableColor.m; sourceTree = "<group>"; };
		39117AC01E9BB7480014DF6E /* CVImageBufferWrapper.h */ = {isa = PBXFileReference; fileEncoding = 4; lastKnownFileType = sourcecode.c.h; path = CVImageBufferWrapper.h; sourceTree = "<group>"; };
		39117AC11E9BB7480014DF6E /* CVImageBufferWrapper.m */ = {isa = PBXFileReference; fileEncoding = 4; lastKnownFileType = sourcecode.c.objc; path = CVImageBufferWrapper.m; sourceTree = "<group>"; };
		39117AC31E9BB7480014DF6E /* ImageBufferWrapper.h */ = {isa = PBXFileReference; fileEncoding = 4; lastKnownFileType = sourcecode.c.h; path = ImageBufferWrapper.h; sourceTree = "<group>"; };
		39117AC41E9BB7480014DF6E /* MotionDetectingVideoOutputAnalizer.h */ = {isa = PBXFileReference; fileEncoding = 4; lastKnownFileType = sourcecode.c.h; path = MotionDetectingVideoOutputAnalizer.h; sourceTree = "<group>"; };
		39117AC51E9BB7480014DF6E /* MotionDetectingVideoOutputAnalizer.m */ = {isa = PBXFileReference; fileEncoding = 4; lastKnownFileType = sourcecode.c.objc; path = MotionDetectingVideoOutputAnalizer.m; sourceTree = "<group>"; };
		39117AC61E9BB7480014DF6E /* VideoMotionDetector.h */ = {isa = PBXFileReference; fileEncoding = 4; lastKnownFileType = sourcecode.c.h; path = VideoMotionDetector.h; sourceTree = "<group>"; };
		39117AC71E9BB7480014DF6E /* VideoMotionDetector.m */ = {isa = PBXFileReference; fileEncoding = 4; lastKnownFileType = sourcecode.c.objc; path = VideoMotionDetector.m; sourceTree = "<group>"; };
		39117AC81E9BB7480014DF6E /* VideoMotionDetectorDelegate.h */ = {isa = PBXFileReference; fileEncoding = 4; lastKnownFileType = sourcecode.c.h; path = VideoMotionDetectorDelegate.h; sourceTree = "<group>"; };
		39117B041E9BB8340014DF6E /* IDViewController.h */ = {isa = PBXFileReference; fileEncoding = 4; lastKnownFileType = sourcecode.c.h; path = IDViewController.h; sourceTree = "<group>"; };
		39117B051E9BB8340014DF6E /* ImproveFRViewController.h */ = {isa = PBXFileReference; fileEncoding = 4; lastKnownFileType = sourcecode.c.h; path = ImproveFRViewController.h; sourceTree = "<group>"; };
		39117B061E9BB8340014DF6E /* WebViewFeedbackViewController.h */ = {isa = PBXFileReference; fileEncoding = 4; lastKnownFileType = sourcecode.c.h; path = WebViewFeedbackViewController.h; sourceTree = "<group>"; };
		39117B071E9BB8340014DF6E /* ImproveFRViewController.m */ = {isa = PBXFileReference; fileEncoding = 4; lastKnownFileType = sourcecode.c.objc; path = ImproveFRViewController.m; sourceTree = "<group>"; };
		39117B081E9BB8340014DF6E /* NameInputViewController.h */ = {isa = PBXFileReference; fileEncoding = 4; lastKnownFileType = sourcecode.c.h; path = NameInputViewController.h; sourceTree = "<group>"; };
		39117B091E9BB8340014DF6E /* IDViewController.m */ = {isa = PBXFileReference; fileEncoding = 4; lastKnownFileType = sourcecode.c.objc; path = IDViewController.m; sourceTree = "<group>"; };
		39117B0A1E9BB8340014DF6E /* ViewController.h */ = {isa = PBXFileReference; fileEncoding = 4; lastKnownFileType = sourcecode.c.h; path = ViewController.h; sourceTree = "<group>"; };
		39117B0B1E9BB8340014DF6E /* NoFR_NameInputViewController.h */ = {isa = PBXFileReference; fileEncoding = 4; lastKnownFileType = sourcecode.c.h; path = NoFR_NameInputViewController.h; sourceTree = "<group>"; };
		39117B0C1E9BB8340014DF6E /* NoFR_NameInputViewController.m */ = {isa = PBXFileReference; fileEncoding = 4; lastKnownFileType = sourcecode.c.objc; path = NoFR_NameInputViewController.m; sourceTree = "<group>"; };
		39117B0D1E9BB8340014DF6E /* PersonalViewController.h */ = {isa = PBXFileReference; fileEncoding = 4; lastKnownFileType = sourcecode.c.h; path = PersonalViewController.h; sourceTree = "<group>"; };
		39117B0E1E9BB8340014DF6E /* PersonalViewController.m */ = {isa = PBXFileReference; fileEncoding = 4; lastKnownFileType = sourcecode.c.objc; path = PersonalViewController.m; sourceTree = "<group>"; };
		39117B0F1E9BB8340014DF6E /* NameInputViewController.m */ = {isa = PBXFileReference; fileEncoding = 4; lastKnownFileType = sourcecode.c.objc; path = NameInputViewController.m; sourceTree = "<group>"; };
		39117B101E9BB8340014DF6E /* ViewController.m */ = {isa = PBXFileReference; fileEncoding = 4; lastKnownFileType = sourcecode.c.objc; path = ViewController.m; sourceTree = "<group>"; };
		39117B111E9BB8340014DF6E /* WebViewFeedbackViewController.m */ = {isa = PBXFileReference; fileEncoding = 4; lastKnownFileType = sourcecode.c.objc; path = WebViewFeedbackViewController.m; sourceTree = "<group>"; };
		39117B191E9BB8760014DF6E /* TextToSpeech.h */ = {isa = PBXFileReference; fileEncoding = 4; lastKnownFileType = sourcecode.c.h; path = TextToSpeech.h; sourceTree = "<group>"; };
		39117B1A1E9BB8760014DF6E /* TextToSpeech.m */ = {isa = PBXFileReference; fileEncoding = 4; lastKnownFileType = sourcecode.c.objc; path = TextToSpeech.m; sourceTree = "<group>"; };
		39117B1C1E9BBC580014DF6E /* Info.plist */ = {isa = PBXFileReference; fileEncoding = 4; lastKnownFileType = text.plist.xml; path = Info.plist; sourceTree = "<group>"; };
		39117B1E1E9BBDAA0014DF6E /* libAppPatch.tbd */ = {isa = PBXFileReference; lastKnownFileType = "sourcecode.text-based-dylib-definition"; name = libAppPatch.tbd; path = usr/lib/libAppPatch.tbd; sourceTree = SDKROOT; };
		39117B211E9BBFB60014DF6E /* KairosSDK-Prefix.pch */ = {isa = PBXFileReference; fileEncoding = 4; lastKnownFileType = sourcecode.c.h; path = "KairosSDK-Prefix.pch"; sourceTree = "<group>"; };
		39117B221E9BBFB60014DF6E /* KairosSDK.h */ = {isa = PBXFileReference; fileEncoding = 4; lastKnownFileType = sourcecode.c.h; path = KairosSDK.h; sourceTree = "<group>"; };
		39117B231E9BBFB60014DF6E /* KairosSDK.m */ = {isa = PBXFileReference; fileEncoding = 4; lastKnownFileType = sourcecode.c.objc; path = KairosSDK.m; sourceTree = "<group>"; };
		39117B241E9BBFB60014DF6E /* KairosSDKCommon.h */ = {isa = PBXFileReference; fileEncoding = 4; lastKnownFileType = sourcecode.c.h; path = KairosSDKCommon.h; sourceTree = "<group>"; };
		39117B251E9BBFB60014DF6E /* KairosSDKCommon.m */ = {isa = PBXFileReference; fileEncoding = 4; lastKnownFileType = sourcecode.c.objc; path = KairosSDKCommon.m; sourceTree = "<group>"; };
		39117B261E9BBFB60014DF6E /* KairosSDKConfigManager.h */ = {isa = PBXFileReference; fileEncoding = 4; lastKnownFileType = sourcecode.c.h; path = KairosSDKConfigManager.h; sourceTree = "<group>"; };
		39117B271E9BBFB60014DF6E /* KairosSDKConfigManager.m */ = {isa = PBXFileReference; fileEncoding = 4; lastKnownFileType = sourcecode.c.objc; path = KairosSDKConfigManager.m; sourceTree = "<group>"; };
		39117B281E9BBFB60014DF6E /* KairosSDKConstants.h */ = {isa = PBXFileReference; fileEncoding = 4; lastKnownFileType = sourcecode.c.h; path = KairosSDKConstants.h; sourceTree = "<group>"; };
		39117B291E9BBFB60014DF6E /* KairosSDKCore.h */ = {isa = PBXFileReference; fileEncoding = 4; lastKnownFileType = sourcecode.c.h; path = KairosSDKCore.h; sourceTree = "<group>"; };
		39117B2A1E9BBFB60014DF6E /* KairosSDKCore.m */ = {isa = PBXFileReference; fileEncoding = 4; lastKnownFileType = sourcecode.c.objc; path = KairosSDKCore.m; sourceTree = "<group>"; };
		39117B2B1E9BBFB60014DF6E /* KairosSDKFaceFrame.h */ = {isa = PBXFileReference; fileEncoding = 4; lastKnownFileType = sourcecode.c.h; path = KairosSDKFaceFrame.h; sourceTree = "<group>"; };
		39117B2C1E9BBFB60014DF6E /* KairosSDKFaceFrame.m */ = {isa = PBXFileReference; fileEncoding = 4; lastKnownFileType = sourcecode.c.objc; path = KairosSDKFaceFrame.m; sourceTree = "<group>"; };
		39117B2D1E9BBFB60014DF6E /* KairosSDKFrameMovement.h */ = {isa = PBXFileReference; fileEncoding = 4; lastKnownFileType = sourcecode.c.h; path = KairosSDKFrameMovement.h; sourceTree = "<group>"; };
		39117B2E1E9BBFB60014DF6E /* KairosSDKFrameMovement.m */ = {isa = PBXFileReference; fileEncoding = 4; lastKnownFileType = sourcecode.c.objc; path = KairosSDKFrameMovement.m; sourceTree = "<group>"; };
		39117B2F1E9BBFB60014DF6E /* KairosSDKViewController.h */ = {isa = PBXFileReference; fileEncoding = 4; lastKnownFileType = sourcecode.c.h; path = KairosSDKViewController.h; sourceTree = "<group>"; };
		39117B301E9BBFB60014DF6E /* KairosSDKViewController.m */ = {isa = PBXFileReference; fileEncoding = 4; lastKnownFileType = sourcecode.c.objc; path = KairosSDKViewController.m; sourceTree = "<group>"; };
		39117B311E9BBFB60014DF6E /* KAR_NSData+Base64.h */ = {isa = PBXFileReference; fileEncoding = 4; lastKnownFileType = sourcecode.c.h; path = "KAR_NSData+Base64.h"; sourceTree = "<group>"; };
		39117B321E9BBFB60014DF6E /* KAR_NSData+Base64.m */ = {isa = PBXFileReference; fileEncoding = 4; lastKnownFileType = sourcecode.c.objc; path = "KAR_NSData+Base64.m"; sourceTree = "<group>"; };
		39117B331E9BBFB60014DF6E /* KARShutterSound.h */ = {isa = PBXFileReference; fileEncoding = 4; lastKnownFileType = sourcecode.c.h; path = KARShutterSound.h; sourceTree = "<group>"; };
		39117B341E9BBFB60014DF6E /* KR_AFHTTPClient.h */ = {isa = PBXFileReference; fileEncoding = 4; lastKnownFileType = sourcecode.c.h; path = KR_AFHTTPClient.h; sourceTree = "<group>"; };
		39117B351E9BBFB60014DF6E /* KR_AFHTTPClient.m */ = {isa = PBXFileReference; fileEncoding = 4; lastKnownFileType = sourcecode.c.objc; path = KR_AFHTTPClient.m; sourceTree = "<group>"; };
		39117B361E9BBFB60014DF6E /* KR_AFHTTPRequestOperation.h */ = {isa = PBXFileReference; fileEncoding = 4; lastKnownFileType = sourcecode.c.h; path = KR_AFHTTPRequestOperation.h; sourceTree = "<group>"; };
		39117B371E9BBFB60014DF6E /* KR_AFHTTPRequestOperation.m */ = {isa = PBXFileReference; fileEncoding = 4; lastKnownFileType = sourcecode.c.objc; path = KR_AFHTTPRequestOperation.m; sourceTree = "<group>"; };
		39117B381E9BBFB60014DF6E /* KR_AFImageRequestOperation.h */ = {isa = PBXFileReference; fileEncoding = 4; lastKnownFileType = sourcecode.c.h; path = KR_AFImageRequestOperation.h; sourceTree = "<group>"; };
		39117B391E9BBFB60014DF6E /* KR_AFImageRequestOperation.m */ = {isa = PBXFileReference; fileEncoding = 4; lastKnownFileType = sourcecode.c.objc; path = KR_AFImageRequestOperation.m; sourceTree = "<group>"; };
		39117B3A1E9BBFB60014DF6E /* KR_AFJSONRequestOperation.h */ = {isa = PBXFileReference; fileEncoding = 4; lastKnownFileType = sourcecode.c.h; path = KR_AFJSONRequestOperation.h; sourceTree = "<group>"; };
		39117B3B1E9BBFB60014DF6E /* KR_AFJSONRequestOperation.m */ = {isa = PBXFileReference; fileEncoding = 4; lastKnownFileType = sourcecode.c.objc; path = KR_AFJSONRequestOperation.m; sourceTree = "<group>"; };
		39117B3C1E9BBFB60014DF6E /* KR_AFNetworkActivityIndicatorManager.h */ = {isa = PBXFileReference; fileEncoding = 4; lastKnownFileType = sourcecode.c.h; path = KR_AFNetworkActivityIndicatorManager.h; sourceTree = "<group>"; };
		39117B3D1E9BBFB60014DF6E /* KR_AFNetworkActivityIndicatorManager.m */ = {isa = PBXFileReference; fileEncoding = 4; lastKnownFileType = sourcecode.c.objc; path = KR_AFNetworkActivityIndicatorManager.m; sourceTree = "<group>"; };
		39117B3E1E9BBFB60014DF6E /* KR_AFNetworking.h */ = {isa = PBXFileReference; fileEncoding = 4; lastKnownFileType = sourcecode.c.h; path = KR_AFNetworking.h; sourceTree = "<group>"; };
		39117B3F1E9BBFB60014DF6E /* KR_AFPropertyListRequestOperation.h */ = {isa = PBXFileReference; fileEncoding = 4; lastKnownFileType = sourcecode.c.h; path = KR_AFPropertyListRequestOperation.h; sourceTree = "<group>"; };
		39117B401E9BBFB60014DF6E /* KR_AFPropertyListRequestOperation.m */ = {isa = PBXFileReference; fileEncoding = 4; lastKnownFileType = sourcecode.c.objc; path = KR_AFPropertyListRequestOperation.m; sourceTree = "<group>"; };
		39117B411E9BBFB60014DF6E /* KR_AFURLConnectionOperation.h */ = {isa = PBXFileReference; fileEncoding = 4; lastKnownFileType = sourcecode.c.h; path = KR_AFURLConnectionOperation.h; sourceTree = "<group>"; };
		39117B421E9BBFB60014DF6E /* KR_AFURLConnectionOperation.m */ = {isa = PBXFileReference; fileEncoding = 4; lastKnownFileType = sourcecode.c.objc; path = KR_AFURLConnectionOperation.m; sourceTree = "<group>"; };
		39117B431E9BBFB60014DF6E /* KR_AFXMLRequestOperation.h */ = {isa = PBXFileReference; fileEncoding = 4; lastKnownFileType = sourcecode.c.h; path = KR_AFXMLRequestOperation.h; sourceTree = "<group>"; };
		39117B441E9BBFB60014DF6E /* KR_AFXMLRequestOperation.m */ = {isa = PBXFileReference; fileEncoding = 4; lastKnownFileType = sourcecode.c.objc; path = KR_AFXMLRequestOperation.m; sourceTree = "<group>"; };
		39117B451E9BBFB60014DF6E /* UIImageView+KR_AFNetworking.h */ = {isa = PBXFileReference; fileEncoding = 4; lastKnownFileType = sourcecode.c.h; path = "UIImageView+KR_AFNetworking.h"; sourceTree = "<group>"; };
		39117B461E9BBFB60014DF6E /* UIImageView+KR_AFNetworking.m */ = {isa = PBXFileReference; fileEncoding = 4; lastKnownFileType = sourcecode.c.objc; path = "UIImageView+KR_AFNetworking.m"; sourceTree = "<group>"; };
		395789EE1E9BB5240067147C /* FacialRecognition.app */ = {isa = PBXFileReference; explicitFileType = wrapper.application; includeInIndex = 0; path = FacialRecognition.app; sourceTree = BUILT_PRODUCTS_DIR; };
		395789F21E9BB5240067147C /* main.m */ = {isa = PBXFileReference; lastKnownFileType = sourcecode.c.objc; name = main.m; path = ../main.m; sourceTree = "<group>"; };
		395789F41E9BB5240067147C /* AppDelegate.h */ = {isa = PBXFileReference; lastKnownFileType = sourcecode.c.h; name = AppDelegate.h; path = ../AppDelegate.h; sourceTree = "<group>"; };
		395789F51E9BB5240067147C /* AppDelegate.m */ = {isa = PBXFileReference; lastKnownFileType = sourcecode.c.objc; name = AppDelegate.m; path = ../AppDelegate.m; sourceTree = "<group>"; };
		395789FB1E9BB5240067147C /* Base */ = {isa = PBXFileReference; lastKnownFileType = file.storyboard; name = Base; path = Base.lproj/Main.storyboard; sourceTree = "<group>"; };
		395789FE1E9BB5240067147C /* FacialRecognition.xcdatamodel */ = {isa = PBXFileReference; lastKnownFileType = wrapper.xcdatamodel; path = FacialRecognition.xcdatamodel; sourceTree = "<group>"; };
		39578A001E9BB5240067147C /* Assets.xcassets */ = {isa = PBXFileReference; lastKnownFileType = folder.assetcatalog; path = Assets.xcassets; sourceTree = "<group>"; };
		396B23AF1EA4C3E7004B410C /* BlueThemeWallpaper.png */ = {isa = PBXFileReference; lastKnownFileType = image.png; path = BlueThemeWallpaper.png; sourceTree = "<group>"; };
		3973705E1EAA3512002A3228 /* Bad.png */ = {isa = PBXFileReference; lastKnownFileType = image.png; path = Bad.png; sourceTree = "<group>"; };
		3973705F1EAA3512002A3228 /* Good.png */ = {isa = PBXFileReference; lastKnownFileType = image.png; path = Good.png; sourceTree = "<group>"; };
		39ED4E241EA4F70500D827E9 /* Schedule voorbeeld.png */ = {isa = PBXFileReference; lastKnownFileType = image.png; path = "Schedule voorbeeld.png"; sourceTree = "<group>"; };
		39F22D6F1EA4CCA300AA158A /* WhiteThemeWallpaper.jpg */ = {isa = PBXFileReference; lastKnownFileType = image.jpeg; path = WhiteThemeWallpaper.jpg; sourceTree = "<group>"; };
		39F22D711EA4CD5900AA158A /* DeerWallpaper.jpeg */ = {isa = PBXFileReference; lastKnownFileType = image.jpeg; path = DeerWallpaper.jpeg; sourceTree = "<group>"; };
		39F22D731EA4CFF100AA158A /* GradientWallpaper.png */ = {isa = PBXFileReference; lastKnownFileType = image.png; path = GradientWallpaper.png; sourceTree = "<group>"; };
		39F22D751EA4D1FA00AA158A /* GradientWallpaper_1.png */ = {isa = PBXFileReference; lastKnownFileType = image.png; path = GradientWallpaper_1.png; sourceTree = "<group>"; };
		39F22D771EA4EC2600AA158A /* GradientWallpaper_DarkerAbove.png */ = {isa = PBXFileReference; lastKnownFileType = image.png; path = GradientWallpaper_DarkerAbove.png; sourceTree = "<group>"; };
		52D5256C13F3901A4918905A /* Pods-FacialRecognition.debug.xcconfig */ = {isa = PBXFileReference; includeInIndex = 1; lastKnownFileType = text.xcconfig; name = "Pods-FacialRecognition.debug.xcconfig"; path = "Pods/Target Support Files/Pods-FacialRecognition/Pods-FacialRecognition.debug.xcconfig"; sourceTree = "<group>"; };
		5A5D609C7C3F199CF699329C /* libPods-FacialRecognition.a */ = {isa = PBXFileReference; explicitFileType = archive.ar; includeInIndex = 0; path = "libPods-FacialRecognition.a"; sourceTree = BUILT_PRODUCTS_DIR; };
		A8648A671E9FE3FA0043046C /* DataStorage.h */ = {isa = PBXFileReference; fileEncoding = 4; lastKnownFileType = sourcecode.c.h; path = DataStorage.h; sourceTree = "<group>"; };
		A8648A681E9FE3FA0043046C /* DataStorage.m */ = {isa = PBXFileReference; fileEncoding = 4; lastKnownFileType = sourcecode.c.objc; path = DataStorage.m; sourceTree = "<group>"; };
		FECC7859B7595FA964F2B2DA /* Pods-FacialRecognition.release.xcconfig */ = {isa = PBXFileReference; includeInIndex = 1; lastKnownFileType = text.xcconfig; name = "Pods-FacialRecognition.release.xcconfig"; path = "Pods/Target Support Files/Pods-FacialRecognition/Pods-FacialRecognition.release.xcconfig"; sourceTree = "<group>"; };
/* End PBXFileReference section */

/* Begin PBXFrameworksBuildPhase section */
		395789EB1E9BB5240067147C /* Frameworks */ = {
			isa = PBXFrameworksBuildPhase;
			buildActionMask = 2147483647;
			files = (
				39117B1F1E9BBDAA0014DF6E /* libAppPatch.tbd in Frameworks */,
				39117A5D1E9BB6F10014DF6E /* AudioToolbox.framework in Frameworks */,
				39117A5B1E9BB6EB0014DF6E /* CoreMedia.framework in Frameworks */,
				39117A591E9BB6E20014DF6E /* CoreImage.framework in Frameworks */,
				39117A571E9BB6D90014DF6E /* Foundation.framework in Frameworks */,
				39117A551E9BB6D00014DF6E /* MessageUI.framework in Frameworks */,
				39117A531E9BB6C90014DF6E /* AVFoundation.framework in Frameworks */,
				39117A511E9BB6C20014DF6E /* QuartzCore.framework in Frameworks */,
				39117A4F1E9BB6BA0014DF6E /* CoreVideo.framework in Frameworks */,
				39117A4D1E9BB6AE0014DF6E /* DoubleControlSDK.framework in Frameworks */,
				39117A4B1E9BB6A20014DF6E /* CameraKitSDK.framework in Frameworks */,
				39117A471E9BB6960014DF6E /* ExternalAccessory.framework in Frameworks */,
				39117A451E9BB68D0014DF6E /* CoreGraphics.framework in Frameworks */,
				39117A431E9BB6840014DF6E /* UIKit.framework in Frameworks */,
				39117A411E9BB67E0014DF6E /* CoreData.framework in Frameworks */,
				9B6E50AC491FFB982219BF0D /* libPods-FacialRecognition.a in Frameworks */,
			);
			runOnlyForDeploymentPostprocessing = 0;
		};
/* End PBXFrameworksBuildPhase section */

/* Begin PBXGroup section */
		13319580A389EC4BA6A59402 /* Frameworks */ = {
			isa = PBXGroup;
			children = (
				39117B1E1E9BBDAA0014DF6E /* libAppPatch.tbd */,
				39117A5C1E9BB6F10014DF6E /* AudioToolbox.framework */,
				39117A5A1E9BB6EB0014DF6E /* CoreMedia.framework */,
				39117A581E9BB6E20014DF6E /* CoreImage.framework */,
				39117A561E9BB6D90014DF6E /* Foundation.framework */,
				39117A541E9BB6D00014DF6E /* MessageUI.framework */,
				39117A521E9BB6C90014DF6E /* AVFoundation.framework */,
				39117A501E9BB6C20014DF6E /* QuartzCore.framework */,
				39117A4E1E9BB6BA0014DF6E /* CoreVideo.framework */,
				39117A4C1E9BB6AE0014DF6E /* DoubleControlSDK.framework */,
				39117A491E9BB6A20014DF6E /* CameraKitSDK.framework */,
				39117A461E9BB6960014DF6E /* ExternalAccessory.framework */,
				39117A441E9BB68D0014DF6E /* CoreGraphics.framework */,
				39117A421E9BB6840014DF6E /* UIKit.framework */,
				39117A401E9BB67E0014DF6E /* CoreData.framework */,
				5A5D609C7C3F199CF699329C /* libPods-FacialRecognition.a */,
			);
			name = Frameworks;
			sourceTree = "<group>";
		};
		39117A5E1E9BB7480014DF6E /* AppFlow */ = {
			isa = PBXGroup;
			children = (
				39117A5F1E9BB7480014DF6E /* ApresRecognitionViewController.h */,
				39117A601E9BB7480014DF6E /* ApresRecognitionViewController.m */,
				39117A611E9BB7480014DF6E /* AttentionViewController.h */,
				39117A621E9BB7480014DF6E /* AttentionViewController.m */,
				39117A631E9BB7480014DF6E /* CameraViewController.h */,
				39117A641E9BB7480014DF6E /* CameraViewController.m */,
				39117A651E9BB7480014DF6E /* ChoiceViewController.h */,
				39117A661E9BB7480014DF6E /* ChoiceViewController.m */,
				39117A671E9BB7480014DF6E /* CorrectViewController.h */,
				39117A681E9BB7480014DF6E /* CorrectViewController.m */,
				39117A691E9BB7480014DF6E /* EndViewController.h */,
				39117A6A1E9BB7480014DF6E /* EndViewController.m */,
				39117A6B1E9BB7480014DF6E /* ErrorViewController.h */,
				39117A6C1E9BB7480014DF6E /* ErrorViewController.m */,
				39117A6D1E9BB7480014DF6E /* FacialRecognitionViewController.h */,
				39117A6E1E9BB7480014DF6E /* FacialRecognitionViewController.m */,
				39117A6F1E9BB7480014DF6E /* FeedbackViewController.h */,
				39117A701E9BB7480014DF6E /* FeedbackViewController.m */,
				39117B041E9BB8340014DF6E /* IDViewController.h */,
				39117B091E9BB8340014DF6E /* IDViewController.m */,
				39117B051E9BB8340014DF6E /* ImproveFRViewController.h */,
				39117B071E9BB8340014DF6E /* ImproveFRViewController.m */,
				39117B081E9BB8340014DF6E /* NameInputViewController.h */,
				39117B0F1E9BB8340014DF6E /* NameInputViewController.m */,
				39117B0B1E9BB8340014DF6E /* NoFR_NameInputViewController.h */,
				39117B0C1E9BB8340014DF6E /* NoFR_NameInputViewController.m */,
				39117B0D1E9BB8340014DF6E /* PersonalViewController.h */,
				39117B0E1E9BB8340014DF6E /* PersonalViewController.m */,
				39117B0A1E9BB8340014DF6E /* ViewController.h */,
				39117B101E9BB8340014DF6E /* ViewController.m */,
				39117B061E9BB8340014DF6E /* WebViewFeedbackViewController.h */,
				39117B111E9BB8340014DF6E /* WebViewFeedbackViewController.m */,
			);
			path = AppFlow;
			sourceTree = "<group>";
		};
		39117A771E9BB7480014DF6E /* Base.lproj */ = {
			isa = PBXGroup;
			children = (
				39117A7A1E9BB7480014DF6E /* InfoPlist.strings */,
			);
			path = Base.lproj;
			sourceTree = "<group>";
		};
		39117A7E1E9BB7480014DF6E /* Data Storage */ = {
			isa = PBXGroup;
			children = (
				A8648A671E9FE3FA0043046C /* DataStorage.h */,
				A8648A681E9FE3FA0043046C /* DataStorage.m */,
			);
			path = "Data Storage";
			sourceTree = "<group>";
		};
		39117A801E9BB7480014DF6E /* Double Control */ = {
			isa = PBXGroup;
			children = (
				39117A811E9BB7480014DF6E /* DoubleBasicHelloWorld-Prefix.pch */,
				39117A821E9BB7480014DF6E /* DoubleRoboticsControl.h */,
				39117A831E9BB7480014DF6E /* DoubleRoboticsControl.m */,
				39117A841E9BB7480014DF6E /* DRViewController.h */,
				39117A851E9BB7480014DF6E /* DRViewController.m */,
			);
			path = "Double Control";
			sourceTree = "<group>";
		};
		39117A871E9BB7480014DF6E /* Facial Recognition */ = {
			isa = PBXGroup;
			children = (
				39117B211E9BBFB60014DF6E /* KairosSDK-Prefix.pch */,
				39117B221E9BBFB60014DF6E /* KairosSDK.h */,
				39117B231E9BBFB60014DF6E /* KairosSDK.m */,
				39117B241E9BBFB60014DF6E /* KairosSDKCommon.h */,
				39117B251E9BBFB60014DF6E /* KairosSDKCommon.m */,
				39117B261E9BBFB60014DF6E /* KairosSDKConfigManager.h */,
				39117B271E9BBFB60014DF6E /* KairosSDKConfigManager.m */,
				39117B281E9BBFB60014DF6E /* KairosSDKConstants.h */,
				39117B291E9BBFB60014DF6E /* KairosSDKCore.h */,
				39117B2A1E9BBFB60014DF6E /* KairosSDKCore.m */,
				39117B2B1E9BBFB60014DF6E /* KairosSDKFaceFrame.h */,
				39117B2C1E9BBFB60014DF6E /* KairosSDKFaceFrame.m */,
				39117B2D1E9BBFB60014DF6E /* KairosSDKFrameMovement.h */,
				39117B2E1E9BBFB60014DF6E /* KairosSDKFrameMovement.m */,
				39117B2F1E9BBFB60014DF6E /* KairosSDKViewController.h */,
				39117B301E9BBFB60014DF6E /* KairosSDKViewController.m */,
				39117B311E9BBFB60014DF6E /* KAR_NSData+Base64.h */,
				39117B321E9BBFB60014DF6E /* KAR_NSData+Base64.m */,
				39117B331E9BBFB60014DF6E /* KARShutterSound.h */,
				39117B341E9BBFB60014DF6E /* KR_AFHTTPClient.h */,
				39117B351E9BBFB60014DF6E /* KR_AFHTTPClient.m */,
				39117B361E9BBFB60014DF6E /* KR_AFHTTPRequestOperation.h */,
				39117B371E9BBFB60014DF6E /* KR_AFHTTPRequestOperation.m */,
				39117B381E9BBFB60014DF6E /* KR_AFImageRequestOperation.h */,
				39117B391E9BBFB60014DF6E /* KR_AFImageRequestOperation.m */,
				39117B3A1E9BBFB60014DF6E /* KR_AFJSONRequestOperation.h */,
				39117B3B1E9BBFB60014DF6E /* KR_AFJSONRequestOperation.m */,
				39117B3C1E9BBFB60014DF6E /* KR_AFNetworkActivityIndicatorManager.h */,
				39117B3D1E9BBFB60014DF6E /* KR_AFNetworkActivityIndicatorManager.m */,
				39117B3E1E9BBFB60014DF6E /* KR_AFNetworking.h */,
				39117B3F1E9BBFB60014DF6E /* KR_AFPropertyListRequestOperation.h */,
				39117B401E9BBFB60014DF6E /* KR_AFPropertyListRequestOperation.m */,
				39117B411E9BBFB60014DF6E /* KR_AFURLConnectionOperation.h */,
				39117B421E9BBFB60014DF6E /* KR_AFURLConnectionOperation.m */,
				39117B431E9BBFB60014DF6E /* KR_AFXMLRequestOperation.h */,
				39117B441E9BBFB60014DF6E /* KR_AFXMLRequestOperation.m */,
				39117B451E9BBFB60014DF6E /* UIImageView+KR_AFNetworking.h */,
				39117B461E9BBFB60014DF6E /* UIImageView+KR_AFNetworking.m */,
			);
			path = "Facial Recognition";
			sourceTree = "<group>";
		};
		39117AAF1E9BB7480014DF6E /* General */ = {
			isa = PBXGroup;
			children = (
				39117B1C1E9BBC580014DF6E /* Info.plist */,
				39117AB21E9BB7480014DF6E /* constants.h */,
				395789F41E9BB5240067147C /* AppDelegate.h */,
				395789F51E9BB5240067147C /* AppDelegate.m */,
				395789F21E9BB5240067147C /* main.m */,
			);
			path = General;
			sourceTree = "<group>";
		};
		39117AB41E9BB7480014DF6E /* Images */ = {
			isa = PBXGroup;
			children = (
				3973705E1EAA3512002A3228 /* Bad.png */,
				3973705F1EAA3512002A3228 /* Good.png */,
				39ED4E241EA4F70500D827E9 /* Schedule voorbeeld.png */,
				39F22D771EA4EC2600AA158A /* GradientWallpaper_DarkerAbove.png */,
				39F22D751EA4D1FA00AA158A /* GradientWallpaper_1.png */,
				39F22D731EA4CFF100AA158A /* GradientWallpaper.png */,
				39F22D711EA4CD5900AA158A /* DeerWallpaper.jpeg */,
				39F22D6F1EA4CCA300AA158A /* WhiteThemeWallpaper.jpg */,
				396B23AF1EA4C3E7004B410C /* BlueThemeWallpaper.png */,
				39117AB51E9BB7480014DF6E /* Background.jpg */,
				39117AB71E9BB7480014DF6E /* PersonalViewExample.paint */,
				39117AB81E9BB7480014DF6E /* PersonalViewExample.png */,
				39117AB91E9BB7480014DF6E /* PleaseWait.png */,
				39117ABA1E9BB7480014DF6E /* UIImage-Extensions.h */,
				39117ABB1E9BB7480014DF6E /* UIImage-Extensions.m */,
			);
			path = Images;
			sourceTree = "<group>";
		};
		39117ABD1E9BB7480014DF6E /* Motion Detection */ = {
			isa = PBXGroup;
			children = (
				39117ABE1E9BB7480014DF6E /* ComparableColor.h */,
				39117ABF1E9BB7480014DF6E /* ComparableColor.m */,
				39117AC01E9BB7480014DF6E /* CVImageBufferWrapper.h */,
				39117AC11E9BB7480014DF6E /* CVImageBufferWrapper.m */,
				39117AC31E9BB7480014DF6E /* ImageBufferWrapper.h */,
				39117AC41E9BB7480014DF6E /* MotionDetectingVideoOutputAnalizer.h */,
				39117AC51E9BB7480014DF6E /* MotionDetectingVideoOutputAnalizer.m */,
				39117AC61E9BB7480014DF6E /* VideoMotionDetector.h */,
				39117AC71E9BB7480014DF6E /* VideoMotionDetector.m */,
				39117AC81E9BB7480014DF6E /* VideoMotionDetectorDelegate.h */,
			);
			path = "Motion Detection";
			sourceTree = "<group>";
		};
		39117AC91E9BB7480014DF6E /* TextToSpeech */ = {
			isa = PBXGroup;
			children = (
				39117B191E9BB8760014DF6E /* TextToSpeech.h */,
				39117B1A1E9BB8760014DF6E /* TextToSpeech.m */,
			);
			path = TextToSpeech;
			sourceTree = "<group>";
		};
		395789E51E9BB5240067147C = {
			isa = PBXGroup;
			children = (
				395789F01E9BB5240067147C /* FacialRecognition */,
				395789EF1E9BB5240067147C /* Products */,
				503C7357D7750657015CD2A1 /* Pods */,
				13319580A389EC4BA6A59402 /* Frameworks */,
			);
			sourceTree = "<group>";
		};
		395789EF1E9BB5240067147C /* Products */ = {
			isa = PBXGroup;
			children = (
				395789EE1E9BB5240067147C /* FacialRecognition.app */,
			);
			name = Products;
			sourceTree = "<group>";
		};
		395789F01E9BB5240067147C /* FacialRecognition */ = {
			isa = PBXGroup;
			children = (
				39117A5E1E9BB7480014DF6E /* AppFlow */,
				39117A761E9BB7480014DF6E /* Assets.xcassets */,
				39117A771E9BB7480014DF6E /* Base.lproj */,
				39117A7E1E9BB7480014DF6E /* Data Storage */,
				39117A801E9BB7480014DF6E /* Double Control */,
				39117A871E9BB7480014DF6E /* Facial Recognition */,
				39117AAF1E9BB7480014DF6E /* General */,
				39117AB41E9BB7480014DF6E /* Images */,
				39117ABD1E9BB7480014DF6E /* Motion Detection */,
				39117AC91E9BB7480014DF6E /* TextToSpeech */,
				395789FA1E9BB5240067147C /* Main.storyboard */,
				39578A001E9BB5240067147C /* Assets.xcassets */,
				395789FD1E9BB5240067147C /* FacialRecognition.xcdatamodeld */,
				395789F11E9BB5240067147C /* Supporting Files */,
			);
			path = FacialRecognition;
			sourceTree = "<group>";
		};
		395789F11E9BB5240067147C /* Supporting Files */ = {
			isa = PBXGroup;
			children = (
			);
			name = "Supporting Files";
			sourceTree = "<group>";
		};
		503C7357D7750657015CD2A1 /* Pods */ = {
			isa = PBXGroup;
			children = (
				52D5256C13F3901A4918905A /* Pods-FacialRecognition.debug.xcconfig */,
				FECC7859B7595FA964F2B2DA /* Pods-FacialRecognition.release.xcconfig */,
			);
			name = Pods;
			sourceTree = "<group>";
		};
/* End PBXGroup section */

/* Begin PBXNativeTarget section */
		395789ED1E9BB5240067147C /* FacialRecognition */ = {
			isa = PBXNativeTarget;
			buildConfigurationList = 39578A081E9BB5240067147C /* Build configuration list for PBXNativeTarget "FacialRecognition" */;
			buildPhases = (
				15B99FC172C6FB3CD9FAA821 /* [CP] Check Pods Manifest.lock */,
				395789EA1E9BB5240067147C /* Sources */,
				395789EB1E9BB5240067147C /* Frameworks */,
				395789EC1E9BB5240067147C /* Resources */,
				C566EBA2B29219F28EF6759F /* [CP] Embed Pods Frameworks */,
				5733017832AAA4D313B0153B /* [CP] Copy Pods Resources */,
			);
			buildRules = (
			);
			dependencies = (
			);
			name = FacialRecognition;
			productName = FacialRecognition;
			productReference = 395789EE1E9BB5240067147C /* FacialRecognition.app */;
			productType = "com.apple.product-type.application";
		};
/* End PBXNativeTarget section */

/* Begin PBXProject section */
		395789E61E9BB5240067147C /* Project object */ = {
			isa = PBXProject;
			attributes = {
				LastUpgradeCheck = 0830;
				ORGANIZATIONNAME = "Kilian Michiels";
				TargetAttributes = {
					395789ED1E9BB5240067147C = {
						CreatedOnToolsVersion = 8.3.1;
						DevelopmentTeam = W5B75GH7D5;
						ProvisioningStyle = Automatic;
					};
				};
			};
			buildConfigurationList = 395789E91E9BB5240067147C /* Build configuration list for PBXProject "FacialRecognition" */;
			compatibilityVersion = "Xcode 3.2";
			developmentRegion = English;
			hasScannedForEncodings = 0;
			knownRegions = (
				en,
				Base,
			);
			mainGroup = 395789E51E9BB5240067147C;
			productRefGroup = 395789EF1E9BB5240067147C /* Products */;
			projectDirPath = "";
			projectRoot = "";
			targets = (
				395789ED1E9BB5240067147C /* FacialRecognition */,
			);
		};
/* End PBXProject section */

/* Begin PBXResourcesBuildPhase section */
		395789EC1E9BB5240067147C /* Resources */ = {
			isa = PBXResourcesBuildPhase;
			buildActionMask = 2147483647;
			files = (
				396B23B01EA4C3E7004B410C /* BlueThemeWallpaper.png in Resources */,
				39117AF71E9BB7480014DF6E /* PleaseWait.png in Resources */,
				39F22D721EA4CD5900AA158A /* DeerWallpaper.jpeg in Resources */,
				397370601EAA3512002A3228 /* Bad.png in Resources */,
				397370611EAA3512002A3228 /* Good.png in Resources */,
				39117AF61E9BB7480014DF6E /* PersonalViewExample.png in Resources */,
				39F22D701EA4CCA300AA158A /* WhiteThemeWallpaper.jpg in Resources */,
				39117AF31E9BB7480014DF6E /* Background.jpg in Resources */,
				39117AD91E9BB7480014DF6E /* InfoPlist.strings in Resources */,
				39ED4E251EA4F70500D827E9 /* Schedule voorbeeld.png in Resources */,
				39F22D761EA4D1FA00AA158A /* GradientWallpaper_1.png in Resources */,
				39F22D781EA4EC2600AA158A /* GradientWallpaper_DarkerAbove.png in Resources */,
				39578A011E9BB5240067147C /* Assets.xcassets in Resources */,
				39117AF51E9BB7480014DF6E /* PersonalViewExample.paint in Resources */,
				395789FC1E9BB5240067147C /* Main.storyboard in Resources */,
				39F22D741EA4CFF100AA158A /* GradientWallpaper.png in Resources */,
			);
			runOnlyForDeploymentPostprocessing = 0;
		};
/* End PBXResourcesBuildPhase section */

/* Begin PBXShellScriptBuildPhase section */
		15B99FC172C6FB3CD9FAA821 /* [CP] Check Pods Manifest.lock */ = {
			isa = PBXShellScriptBuildPhase;
			buildActionMask = 2147483647;
			files = (
			);
			inputPaths = (
			);
			name = "[CP] Check Pods Manifest.lock";
			outputPaths = (
			);
			runOnlyForDeploymentPostprocessing = 0;
			shellPath = /bin/sh;
			shellScript = "diff \"${PODS_ROOT}/../Podfile.lock\" \"${PODS_ROOT}/Manifest.lock\" > /dev/null\nif [ $? != 0 ] ; then\n    # print error to STDERR\n    echo \"error: The sandbox is not in sync with the Podfile.lock. Run 'pod install' or update your CocoaPods installation.\" >&2\n    exit 1\nfi\n";
			showEnvVarsInLog = 0;
		};
		5733017832AAA4D313B0153B /* [CP] Copy Pods Resources */ = {
			isa = PBXShellScriptBuildPhase;
			buildActionMask = 2147483647;
			files = (
			);
			inputPaths = (
			);
			name = "[CP] Copy Pods Resources";
			outputPaths = (
			);
			runOnlyForDeploymentPostprocessing = 0;
			shellPath = /bin/sh;
			shellScript = "\"${SRCROOT}/Pods/Target Support Files/Pods-FacialRecognition/Pods-FacialRecognition-resources.sh\"\n";
			showEnvVarsInLog = 0;
		};
		C566EBA2B29219F28EF6759F /* [CP] Embed Pods Frameworks */ = {
			isa = PBXShellScriptBuildPhase;
			buildActionMask = 2147483647;
			files = (
			);
			inputPaths = (
			);
			name = "[CP] Embed Pods Frameworks";
			outputPaths = (
			);
			runOnlyForDeploymentPostprocessing = 0;
			shellPath = /bin/sh;
			shellScript = "\"${SRCROOT}/Pods/Target Support Files/Pods-FacialRecognition/Pods-FacialRecognition-frameworks.sh\"\n";
			showEnvVarsInLog = 0;
		};
/* End PBXShellScriptBuildPhase section */

/* Begin PBXSourcesBuildPhase section */
		395789EA1E9BB5240067147C /* Sources */ = {
			isa = PBXSourcesBuildPhase;
			buildActionMask = 2147483647;
			files = (
				39117B4D1E9BBFB60014DF6E /* KairosSDKViewController.m in Sources */,
				39117ACB1E9BB7480014DF6E /* ApresRecognitionViewController.m in Sources */,
				39117B4F1E9BBFB60014DF6E /* KR_AFHTTPClient.m in Sources */,
				39117B531E9BBFB60014DF6E /* KR_AFNetworkActivityIndicatorManager.m in Sources */,
				39117AF81E9BB7480014DF6E /* UIImage-Extensions.m in Sources */,
				39117B4C1E9BBFB60014DF6E /* KairosSDKFrameMovement.m in Sources */,
				39117AD01E9BB7480014DF6E /* EndViewController.m in Sources */,
				39117B121E9BB8340014DF6E /* ImproveFRViewController.m in Sources */,
				39117ADD1E9BB7480014DF6E /* DRViewController.m in Sources */,
				395789F61E9BB5240067147C /* AppDelegate.m in Sources */,
				395789F31E9BB5240067147C /* main.m in Sources */,
				A8648A691E9FE3FA0043046C /* DataStorage.m in Sources */,
				39117B501E9BBFB60014DF6E /* KR_AFHTTPRequestOperation.m in Sources */,
				39117B521E9BBFB60014DF6E /* KR_AFJSONRequestOperation.m in Sources */,
				39117B551E9BBFB60014DF6E /* KR_AFURLConnectionOperation.m in Sources */,
				39117B571E9BBFB60014DF6E /* UIImageView+KR_AFNetworking.m in Sources */,
				39117B161E9BB8340014DF6E /* NameInputViewController.m in Sources */,
				39117AFD1E9BB7480014DF6E /* MotionDetectingVideoOutputAnalizer.m in Sources */,
				39117ACF1E9BB7480014DF6E /* CorrectViewController.m in Sources */,
				39117B481E9BBFB60014DF6E /* KairosSDKCommon.m in Sources */,
				39117AFE1E9BB7480014DF6E /* VideoMotionDetector.m in Sources */,
				39117B4E1E9BBFB60014DF6E /* KAR_NSData+Base64.m in Sources */,
				39117AFB1E9BB7480014DF6E /* CVImageBufferWrapper.m in Sources */,
				39117B181E9BB8340014DF6E /* WebViewFeedbackViewController.m in Sources */,
				39117B141E9BB8340014DF6E /* NoFR_NameInputViewController.m in Sources */,
				39117AD11E9BB7480014DF6E /* ErrorViewController.m in Sources */,
				39117AD21E9BB7480014DF6E /* FacialRecognitionViewController.m in Sources */,
				39117ACD1E9BB7480014DF6E /* CameraViewController.m in Sources */,
				39117ACC1E9BB7480014DF6E /* AttentionViewController.m in Sources */,
				39117AFA1E9BB7480014DF6E /* ComparableColor.m in Sources */,
				39117B4B1E9BBFB60014DF6E /* KairosSDKFaceFrame.m in Sources */,
				39117ACE1E9BB7480014DF6E /* ChoiceViewController.m in Sources */,
				39117B4A1E9BBFB60014DF6E /* KairosSDKCore.m in Sources */,
				39117B491E9BBFB60014DF6E /* KairosSDKConfigManager.m in Sources */,
				39117ADC1E9BB7480014DF6E /* DoubleRoboticsControl.m in Sources */,
				39117B471E9BBFB60014DF6E /* KairosSDK.m in Sources */,
				39117B131E9BB8340014DF6E /* IDViewController.m in Sources */,
				39117B151E9BB8340014DF6E /* PersonalViewController.m in Sources */,
				39117B171E9BB8340014DF6E /* ViewController.m in Sources */,
				39117B561E9BBFB60014DF6E /* KR_AFXMLRequestOperation.m in Sources */,
				395789FF1E9BB5240067147C /* FacialRecognition.xcdatamodeld in Sources */,
				39117B541E9BBFB60014DF6E /* KR_AFPropertyListRequestOperation.m in Sources */,
				39117B511E9BBFB60014DF6E /* KR_AFImageRequestOperation.m in Sources */,
				39117B1B1E9BB8760014DF6E /* TextToSpeech.m in Sources */,
				39117AD31E9BB7480014DF6E /* FeedbackViewController.m in Sources */,
			);
			runOnlyForDeploymentPostprocessing = 0;
		};
/* End PBXSourcesBuildPhase section */

/* Begin PBXVariantGroup section */
		39117A7A1E9BB7480014DF6E /* InfoPlist.strings */ = {
			isa = PBXVariantGroup;
			children = (
				39117A7B1E9BB7480014DF6E /* Base */,
			);
			name = InfoPlist.strings;
			sourceTree = "<group>";
		};
		395789FA1E9BB5240067147C /* Main.storyboard */ = {
			isa = PBXVariantGroup;
			children = (
				395789FB1E9BB5240067147C /* Base */,
			);
			name = Main.storyboard;
			sourceTree = "<group>";
		};
/* End PBXVariantGroup section */

/* Begin XCBuildConfiguration section */
		39578A061E9BB5240067147C /* Debug */ = {
			isa = XCBuildConfiguration;
			buildSettings = {
				ALWAYS_SEARCH_USER_PATHS = NO;
				CLANG_ANALYZER_NONNULL = YES;
				CLANG_ANALYZER_NUMBER_OBJECT_CONVERSION = YES_AGGRESSIVE;
				CLANG_CXX_LANGUAGE_STANDARD = "gnu++0x";
				CLANG_CXX_LIBRARY = "libc++";
				CLANG_ENABLE_MODULES = YES;
				CLANG_ENABLE_OBJC_ARC = YES;
				CLANG_WARN_BOOL_CONVERSION = YES;
				CLANG_WARN_CONSTANT_CONVERSION = YES;
				CLANG_WARN_DIRECT_OBJC_ISA_USAGE = YES_ERROR;
				CLANG_WARN_DOCUMENTATION_COMMENTS = YES;
				CLANG_WARN_EMPTY_BODY = YES;
				CLANG_WARN_ENUM_CONVERSION = YES;
				CLANG_WARN_INFINITE_RECURSION = YES;
				CLANG_WARN_INT_CONVERSION = YES;
				CLANG_WARN_OBJC_ROOT_CLASS = YES_ERROR;
				CLANG_WARN_SUSPICIOUS_MOVE = YES;
				CLANG_WARN_UNREACHABLE_CODE = NO;
				CLANG_WARN__DUPLICATE_METHOD_MATCH = YES;
				"CODE_SIGN_IDENTITY[sdk=iphoneos*]" = "iPhone Developer";
				COPY_PHASE_STRIP = NO;
				DEBUG_INFORMATION_FORMAT = dwarf;
				ENABLE_STRICT_OBJC_MSGSEND = YES;
				ENABLE_TESTABILITY = YES;
				GCC_C_LANGUAGE_STANDARD = gnu99;
				GCC_DYNAMIC_NO_PIC = NO;
				GCC_NO_COMMON_BLOCKS = YES;
				GCC_OPTIMIZATION_LEVEL = 0;
				GCC_PREPROCESSOR_DEFINITIONS = (
					"DEBUG=1",
					"$(inherited)",
				);
				GCC_WARN_64_TO_32_BIT_CONVERSION = YES;
				GCC_WARN_ABOUT_DEPRECATED_FUNCTIONS = NO;
				GCC_WARN_ABOUT_RETURN_TYPE = YES_ERROR;
				GCC_WARN_UNDECLARED_SELECTOR = YES;
				GCC_WARN_UNINITIALIZED_AUTOS = YES_AGGRESSIVE;
				GCC_WARN_UNUSED_FUNCTION = NO;
				GCC_WARN_UNUSED_VARIABLE = NO;
				IPHONEOS_DEPLOYMENT_TARGET = 10.3;
				MTL_ENABLE_DEBUG_INFO = YES;
				ONLY_ACTIVE_ARCH = YES;
				SDKROOT = iphoneos;
				TARGETED_DEVICE_FAMILY = 2;
			};
			name = Debug;
		};
		39578A071E9BB5240067147C /* Release */ = {
			isa = XCBuildConfiguration;
			buildSettings = {
				ALWAYS_SEARCH_USER_PATHS = NO;
				CLANG_ANALYZER_NONNULL = YES;
				CLANG_ANALYZER_NUMBER_OBJECT_CONVERSION = YES_AGGRESSIVE;
				CLANG_CXX_LANGUAGE_STANDARD = "gnu++0x";
				CLANG_CXX_LIBRARY = "libc++";
				CLANG_ENABLE_MODULES = YES;
				CLANG_ENABLE_OBJC_ARC = YES;
				CLANG_WARN_BOOL_CONVERSION = YES;
				CLANG_WARN_CONSTANT_CONVERSION = YES;
				CLANG_WARN_DIRECT_OBJC_ISA_USAGE = YES_ERROR;
				CLANG_WARN_DOCUMENTATION_COMMENTS = YES;
				CLANG_WARN_EMPTY_BODY = YES;
				CLANG_WARN_ENUM_CONVERSION = YES;
				CLANG_WARN_INFINITE_RECURSION = YES;
				CLANG_WARN_INT_CONVERSION = YES;
				CLANG_WARN_OBJC_ROOT_CLASS = YES_ERROR;
				CLANG_WARN_SUSPICIOUS_MOVE = YES;
				CLANG_WARN_UNREACHABLE_CODE = NO;
				CLANG_WARN__DUPLICATE_METHOD_MATCH = YES;
				"CODE_SIGN_IDENTITY[sdk=iphoneos*]" = "iPhone Developer";
				COPY_PHASE_STRIP = NO;
				DEBUG_INFORMATION_FORMAT = "dwarf-with-dsym";
				ENABLE_NS_ASSERTIONS = NO;
				ENABLE_STRICT_OBJC_MSGSEND = YES;
				GCC_C_LANGUAGE_STANDARD = gnu99;
				GCC_NO_COMMON_BLOCKS = YES;
				GCC_WARN_64_TO_32_BIT_CONVERSION = YES;
				GCC_WARN_ABOUT_DEPRECATED_FUNCTIONS = NO;
				GCC_WARN_ABOUT_RETURN_TYPE = YES_ERROR;
				GCC_WARN_UNDECLARED_SELECTOR = YES;
				GCC_WARN_UNINITIALIZED_AUTOS = YES_AGGRESSIVE;
				GCC_WARN_UNUSED_FUNCTION = NO;
				GCC_WARN_UNUSED_VARIABLE = NO;
				IPHONEOS_DEPLOYMENT_TARGET = 10.3;
				MTL_ENABLE_DEBUG_INFO = NO;
				SDKROOT = iphoneos;
				TARGETED_DEVICE_FAMILY = 2;
				VALIDATE_PRODUCT = YES;
			};
			name = Release;
		};
		39578A091E9BB5240067147C /* Debug */ = {
			isa = XCBuildConfiguration;
			baseConfigurationReference = 52D5256C13F3901A4918905A /* Pods-FacialRecognition.debug.xcconfig */;
			buildSettings = {
				ASSETCATALOG_COMPILER_APPICON_NAME = AppIcon;
				DEVELOPMENT_TEAM = W5B75GH7D5;
				ENABLE_BITCODE = NO;
				FRAMEWORK_SEARCH_PATHS = (
					"$(inherited)",
					"$(PROJECT_DIR)",
				);
				GCC_PRECOMPILE_PREFIX_HEADER = YES;
				GCC_PREFIX_HEADER = "$(PROJECT_DIR)/FacialRecognition/Facial Recognition/KairosSDK-Prefix.pch";
				INFOPLIST_FILE = FacialRecognition/General/Info.plist;
				LD_RUNPATH_SEARCH_PATHS = "$(inherited) @executable_path/Frameworks";
				LIBRARY_SEARCH_PATHS = (
					"$(inherited)",
					"$(PROJECT_DIR)",
				);
				PRODUCT_BUNDLE_IDENTIFIER = KM.FacialRecognition;
				PRODUCT_NAME = "$(TARGET_NAME)";
			};
			name = Debug;
		};
		39578A0A1E9BB5240067147C /* Release */ = {
			isa = XCBuildConfiguration;
			baseConfigurationReference = FECC7859B7595FA964F2B2DA /* Pods-FacialRecognition.release.xcconfig */;
			buildSettings = {
				ASSETCATALOG_COMPILER_APPICON_NAME = AppIcon;
				DEVELOPMENT_TEAM = W5B75GH7D5;
				ENABLE_BITCODE = NO;
				FRAMEWORK_SEARCH_PATHS = (
					"$(inherited)",
					"$(PROJECT_DIR)",
				);
				GCC_PRECOMPILE_PREFIX_HEADER = YES;
				GCC_PREFIX_HEADER = "$(PROJECT_DIR)/FacialRecognition/Facial Recognition/KairosSDK-Prefix.pch";
				INFOPLIST_FILE = FacialRecognition/General/Info.plist;
				LD_RUNPATH_SEARCH_PATHS = "$(inherited) @executable_path/Frameworks";
				LIBRARY_SEARCH_PATHS = (
					"$(inherited)",
					"$(PROJECT_DIR)",
				);
				PRODUCT_BUNDLE_IDENTIFIER = KM.FacialRecognition;
				PRODUCT_NAME = "$(TARGET_NAME)";
			};
			name = Release;
		};
/* End XCBuildConfiguration section */

/* Begin XCConfigurationList section */
		395789E91E9BB5240067147C /* Build configuration list for PBXProject "FacialRecognition" */ = {
			isa = XCConfigurationList;
			buildConfigurations = (
				39578A061E9BB5240067147C /* Debug */,
				39578A071E9BB5240067147C /* Release */,
			);
			defaultConfigurationIsVisible = 0;
			defaultConfigurationName = Release;
		};
		39578A081E9BB5240067147C /* Build configuration list for PBXNativeTarget "FacialRecognition" */ = {
			isa = XCConfigurationList;
			buildConfigurations = (
				39578A091E9BB5240067147C /* Debug */,
				39578A0A1E9BB5240067147C /* Release */,
			);
			defaultConfigurationIsVisible = 0;
			defaultConfigurationName = Release;
		};
/* End XCConfigurationList section */

/* Begin XCVersionGroup section */
		395789FD1E9BB5240067147C /* FacialRecognition.xcdatamodeld */ = {
			isa = XCVersionGroup;
			children = (
				395789FE1E9BB5240067147C /* FacialRecognition.xcdatamodel */,
			);
			currentVersion = 395789FE1E9BB5240067147C /* FacialRecognition.xcdatamodel */;
			path = FacialRecognition.xcdatamodeld;
			sourceTree = "<group>";
			versionGroupType = wrapper.xcdatamodel;
		};
/* End XCVersionGroup section */
	};
	rootObject = 395789E61E9BB5240067147C /* Project object */;
}
